
Microsoft Visual Studio Solution File, Format Version 12.00
# Visual Studio Version 16
VisualStudioVersion = 16.0.30804.86
MinimumVisualStudioVersion = 10.0.40219.1
Project("{FAE04EC0-301F-11D3-BF4B-00C04F79EFBC}") = "MvcOnlineTicariOtomasyon", "MvcOnlineTicariOtomasyon.csproj", "{D1DC6EA5-0462-403F-B4D3-5D4ABAB987BE}"
EndProject
Global
	GlobalSection(SolutionConfigurationPlatforms) = preSolution
		Debug|Any CPU = Debug|Any CPU
		Release|Any CPU = Release|Any CPU
	EndGlobalSection
	GlobalSection(ProjectConfigurationPlatforms) = postSolution
		{D1DC6EA5-0462-403F-B4D3-5D4ABAB987BE}.Debug|Any CPU.ActiveCfg = Debug|Any CPU
		{D1DC6EA5-0462-403F-B4D3-5D4ABAB987BE}.Debug|Any CPU.Build.0 = Debug|Any CPU
		{D1DC6EA5-0462-403F-B4D3-5D4ABAB987BE}.Release|Any CPU.ActiveCfg = Release|Any CPU
		{D1DC6EA5-0462-403F-B4D3-5D4ABAB987BE}.Release|Any CPU.Build.0 = Release|Any CPU
	EndGlobalSection
	GlobalSection(SolutionProperties) = preSolution
		HideSolutionNode = FALSE
	EndGlobalSection
	GlobalSection(ExtensibilityGlobals) = postSolution
		SolutionGuid = {9C690237-5FED-4039-A224-A8E8E33DB2B8}
	EndGlobalSection
EndGlobal
